
Microsoft Visual Studio Solution File, Format Version 12.00
# Visual Studio 14
VisualStudioVersion = 14.0.24720.0
MinimumVisualStudioVersion = 10.0.40219.1
Project("{FAE04EC0-301F-11D3-BF4B-00C04F79EFBC}") = "PageObjects", "PageObjects\PageObjects.csproj", "{BE0CFC02-7347-4654-A731-F5AC9E14F0F7}"
EndProject
Project("{2150E333-8FDC-42A3-9474-1A3956D46DE8}") = ".nuget", ".nuget", "{1EA32BD2-149C-4098-8637-238FA3C509DA}"
	ProjectSection(SolutionItems) = preProject
		.nuget\packages.config = .nuget\packages.config
	EndProjectSection
EndProject
Project("{FAE04EC0-301F-11D3-BF4B-00C04F79EFBC}") = "Test", "Test\Test.csproj", "{2D3C8EE1-B368-4F6E-BA75-6E2C3B4EF805}"
EndProject
Global
	GlobalSection(SolutionConfigurationPlatforms) = preSolution
		Debug|Any CPU = Debug|Any CPU
		Release|Any CPU = Release|Any CPU
	EndGlobalSection
	GlobalSection(ProjectConfigurationPlatforms) = postSolution
		{BE0CFC02-7347-4654-A731-F5AC9E14F0F7}.Debug|Any CPU.ActiveCfg = Debug|Any CPU
		{BE0CFC02-7347-4654-A731-F5AC9E14F0F7}.Debug|Any CPU.Build.0 = Debug|Any CPU
		{BE0CFC02-7347-4654-A731-F5AC9E14F0F7}.Release|Any CPU.ActiveCfg = Release|Any CPU
		{BE0CFC02-7347-4654-A731-F5AC9E14F0F7}.Release|Any CPU.Build.0 = Release|Any CPU
		{2D3C8EE1-B368-4F6E-BA75-6E2C3B4EF805}.Debug|Any CPU.ActiveCfg = Debug|Any CPU
		{2D3C8EE1-B368-4F6E-BA75-6E2C3B4EF805}.Debug|Any CPU.Build.0 = Debug|Any CPU
		{2D3C8EE1-B368-4F6E-BA75-6E2C3B4EF805}.Release|Any CPU.ActiveCfg = Release|Any CPU
		{2D3C8EE1-B368-4F6E-BA75-6E2C3B4EF805}.Release|Any CPU.Build.0 = Release|Any CPU
	EndGlobalSection
	GlobalSection(SolutionProperties) = preSolution
		HideSolutionNode = FALSE
	EndGlobalSection
	GlobalSection(TeamFoundationVersionControl) = preSolution
		SccNumberOfProjects = 3
		SccEnterpriseProvider = {4CA58AB2-18FA-4F8D-95D4-32DDF27D184C}
		SccTeamFoundationServer = http://egy-mshoieb-nb:8090/tfs/defaultcollection
		SccLocalPath0 = .
		SccProjectUniqueName1 = PageObjects\\PageObjects.csproj
		SccProjectName1 = PageObjects
		SccLocalPath1 = PageObjects
		SccProjectUniqueName2 = Test\\Test.csproj
		SccProjectName2 = Test
		SccLocalPath2 = Test
	EndGlobalSection
EndGlobal
